
Microsoft Visual Studio Solution File, Format Version 12.00
# Visual Studio Version 17
VisualStudioVersion = 17.0.31903.59
MinimumVisualStudioVersion = 10.0.40219.1
Project("{2150E333-8FDC-42A3-9474-1A3956D46DE8}") = "src", "src", "{4D316BA1-5BBC-4E08-ADD6-E45150B56177}"
EndProject
Project("{FAE04EC0-301F-11D3-BF4B-00C04F79EFBC}") = "Dabitco.Permissioneer.Domain", "src\Domain\Dabitco.Permissioneer.Domain.csproj", "{5947F93C-D3B0-4F6E-BF0C-BC634072B926}"
EndProject
Project("{FAE04EC0-301F-11D3-BF4B-00C04F79EFBC}") = "Dabitco.Permissioneer", "src\Permissioneer\Dabitco.Permissioneer.csproj", "{CC4ECB43-836D-4291-8867-1C591375BEA5}"
EndProject
Project("{FAE04EC0-301F-11D3-BF4B-00C04F79EFBC}") = "Dabitco.Permissioneer.EntityFramework", "src\EntityFramework\Dabitco.Permissioneer.EntityFramework.csproj", "{14D4E3AF-E163-4A28-BD06-ABBDDAE41432}"
EndProject
Project("{FAE04EC0-301F-11D3-BF4B-00C04F79EFBC}") = "Dabitco.Permissioneer.AspNet", "src\AspNet\Dabitco.Permissioneer.AspNet.csproj", "{28974C9C-8F48-4A93-AC41-5C18BF336AC2}"
EndProject
Project("{FAE04EC0-301F-11D3-BF4B-00C04F79EFBC}") = "Dabitco.Permissioneer.TestAPI", "src\TestAPI\Dabitco.Permissioneer.TestAPI.csproj", "{24D43A15-4330-4960-B146-FF53084E3F83}"
EndProject
Global
	GlobalSection(SolutionConfigurationPlatforms) = preSolution
		Debug|Any CPU = Debug|Any CPU
		Release|Any CPU = Release|Any CPU
	EndGlobalSection
	GlobalSection(SolutionProperties) = preSolution
		HideSolutionNode = FALSE
	EndGlobalSection
	GlobalSection(ProjectConfigurationPlatforms) = postSolution
		{5947F93C-D3B0-4F6E-BF0C-BC634072B926}.Debug|Any CPU.ActiveCfg = Debug|Any CPU
		{5947F93C-D3B0-4F6E-BF0C-BC634072B926}.Debug|Any CPU.Build.0 = Debug|Any CPU
		{5947F93C-D3B0-4F6E-BF0C-BC634072B926}.Release|Any CPU.ActiveCfg = Release|Any CPU
		{5947F93C-D3B0-4F6E-BF0C-BC634072B926}.Release|Any CPU.Build.0 = Release|Any CPU
		{CC4ECB43-836D-4291-8867-1C591375BEA5}.Debug|Any CPU.ActiveCfg = Debug|Any CPU
		{CC4ECB43-836D-4291-8867-1C591375BEA5}.Debug|Any CPU.Build.0 = Debug|Any CPU
		{CC4ECB43-836D-4291-8867-1C591375BEA5}.Release|Any CPU.ActiveCfg = Release|Any CPU
		{CC4ECB43-836D-4291-8867-1C591375BEA5}.Release|Any CPU.Build.0 = Release|Any CPU
		{14D4E3AF-E163-4A28-BD06-ABBDDAE41432}.Debug|Any CPU.ActiveCfg = Debug|Any CPU
		{14D4E3AF-E163-4A28-BD06-ABBDDAE41432}.Debug|Any CPU.Build.0 = Debug|Any CPU
		{14D4E3AF-E163-4A28-BD06-ABBDDAE41432}.Release|Any CPU.ActiveCfg = Release|Any CPU
		{14D4E3AF-E163-4A28-BD06-ABBDDAE41432}.Release|Any CPU.Build.0 = Release|Any CPU
		{28974C9C-8F48-4A93-AC41-5C18BF336AC2}.Debug|Any CPU.ActiveCfg = Debug|Any CPU
		{28974C9C-8F48-4A93-AC41-5C18BF336AC2}.Debug|Any CPU.Build.0 = Debug|Any CPU
		{28974C9C-8F48-4A93-AC41-5C18BF336AC2}.Release|Any CPU.ActiveCfg = Release|Any CPU
		{28974C9C-8F48-4A93-AC41-5C18BF336AC2}.Release|Any CPU.Build.0 = Release|Any CPU
		{24D43A15-4330-4960-B146-FF53084E3F83}.Debug|Any CPU.ActiveCfg = Debug|Any CPU
		{24D43A15-4330-4960-B146-FF53084E3F83}.Debug|Any CPU.Build.0 = Debug|Any CPU
		{24D43A15-4330-4960-B146-FF53084E3F83}.Release|Any CPU.ActiveCfg = Release|Any CPU
		{24D43A15-4330-4960-B146-FF53084E3F83}.Release|Any CPU.Build.0 = Release|Any CPU
	EndGlobalSection
	GlobalSection(NestedProjects) = preSolution
		{5947F93C-D3B0-4F6E-BF0C-BC634072B926} = {4D316BA1-5BBC-4E08-ADD6-E45150B56177}
		{CC4ECB43-836D-4291-8867-1C591375BEA5} = {4D316BA1-5BBC-4E08-ADD6-E45150B56177}
		{14D4E3AF-E163-4A28-BD06-ABBDDAE41432} = {4D316BA1-5BBC-4E08-ADD6-E45150B56177}
		{28974C9C-8F48-4A93-AC41-5C18BF336AC2} = {4D316BA1-5BBC-4E08-ADD6-E45150B56177}
		{24D43A15-4330-4960-B146-FF53084E3F83} = {4D316BA1-5BBC-4E08-ADD6-E45150B56177}
	EndGlobalSection
EndGlobal
